
Microsoft Visual Studio Solution File, Format Version 12.00
# Visual Studio 2012
Project("{FAE04EC0-301F-11D3-BF4B-00C04F79EFBC}") = "OneNorth.WorkflowFullHistory", "Website\OneNorth.WorkflowFullHistory.csproj", "{5AE74C0F-10B2-401B-A6C1-374B0BE91033}"
EndProject
Project("{CAA73BB0-EF22-4D79-A57E-DF67B3BA9C80}") = "OneNorth.WorkflowFullHistory.Deploy.Core", "TDS.Core\OneNorth.WorkflowFullHistory.Deploy.Core.scproj", "{E40D8AB2-6293-476C-B819-B0E3BFF2DE38}"
EndProject
Global
	GlobalSection(SolutionConfigurationPlatforms) = preSolution
		Debug|Any CPU = Debug|Any CPU
		Release|Any CPU = Release|Any CPU
	EndGlobalSection
	GlobalSection(ProjectConfigurationPlatforms) = postSolution
		{5AE74C0F-10B2-401B-A6C1-374B0BE91033}.Debug|Any CPU.ActiveCfg = Debug|Any CPU
		{5AE74C0F-10B2-401B-A6C1-374B0BE91033}.Debug|Any CPU.Build.0 = Debug|Any CPU
		{5AE74C0F-10B2-401B-A6C1-374B0BE91033}.Release|Any CPU.ActiveCfg = Release|Any CPU
		{5AE74C0F-10B2-401B-A6C1-374B0BE91033}.Release|Any CPU.Build.0 = Release|Any CPU
		{E40D8AB2-6293-476C-B819-B0E3BFF2DE38}.Debug|Any CPU.ActiveCfg = Debug|Any CPU
		{E40D8AB2-6293-476C-B819-B0E3BFF2DE38}.Debug|Any CPU.Build.0 = Debug|Any CPU
		{E40D8AB2-6293-476C-B819-B0E3BFF2DE38}.Debug|Any CPU.Deploy.0 = Debug|Any CPU
		{E40D8AB2-6293-476C-B819-B0E3BFF2DE38}.Release|Any CPU.ActiveCfg = Release|Any CPU
		{E40D8AB2-6293-476C-B819-B0E3BFF2DE38}.Release|Any CPU.Build.0 = Release|Any CPU
		{E40D8AB2-6293-476C-B819-B0E3BFF2DE38}.Release|Any CPU.Deploy.0 = Release|Any CPU
	EndGlobalSection
	GlobalSection(SolutionProperties) = preSolution
		HideSolutionNode = FALSE
	EndGlobalSection
EndGlobal
